
Microsoft Visual Studio Solution File, Format Version 12.00
# Visual Studio Version 16
VisualStudioVersion = 16.0.30204.135
MinimumVisualStudioVersion = 10.0.40219.1
Project("{FAE04EC0-301F-11D3-BF4B-00C04F79EFBC}") = "Arbol Binario_Steven Rocha", "Arbol Binario_Steven Rocha\Arbol Binario_Steven Rocha.csproj", "{893DB62C-7373-4B88-9998-C06E7F1684C7}"
EndProject
Global
	GlobalSection(SolutionConfigurationPlatforms) = preSolution
		Debug|Any CPU = Debug|Any CPU
		Release|Any CPU = Release|Any CPU
	EndGlobalSection
	GlobalSection(ProjectConfigurationPlatforms) = postSolution
		{893DB62C-7373-4B88-9998-C06E7F1684C7}.Debug|Any CPU.ActiveCfg = Debug|Any CPU
		{893DB62C-7373-4B88-9998-C06E7F1684C7}.Debug|Any CPU.Build.0 = Debug|Any CPU
		{893DB62C-7373-4B88-9998-C06E7F1684C7}.Release|Any CPU.ActiveCfg = Release|Any CPU
		{893DB62C-7373-4B88-9998-C06E7F1684C7}.Release|Any CPU.Build.0 = Release|Any CPU
	EndGlobalSection
	GlobalSection(SolutionProperties) = preSolution
		HideSolutionNode = FALSE
	EndGlobalSection
	GlobalSection(ExtensibilityGlobals) = postSolution
		SolutionGuid = {E68B9ED8-EF32-4ABF-B2E8-60ABE12B25AD}
	EndGlobalSection
EndGlobal
